// !$*UTF8*$!
{
	archiveVersion = 1;
	classes = {
	};
	objectVersion = 56;
	objects = {

/* Begin PBXBuildFile section */
		39D498562AFA3AB700D2D7BC /* uppgift_6App.swift in Sources */ = {isa = PBXBuildFile; fileRef = 39D498552AFA3AB700D2D7BC /* uppgift_6App.swift */; };
		39D498582AFA3AB700D2D7BC /* ContentView.swift in Sources */ = {isa = PBXBuildFile; fileRef = 39D498572AFA3AB700D2D7BC /* ContentView.swift */; };
		39D4985A2AFA3AB900D2D7BC /* Assets.xcassets in Resources */ = {isa = PBXBuildFile; fileRef = 39D498592AFA3AB900D2D7BC /* Assets.xcassets */; };
		39D4985D2AFA3AB900D2D7BC /* Preview Assets.xcassets in Resources */ = {isa = PBXBuildFile; fileRef = 39D4985C2AFA3AB900D2D7BC /* Preview Assets.xcassets */; };
		39D498672AFA3AB900D2D7BC /* uppgift_6Tests.swift in Sources */ = {isa = PBXBuildFile; fileRef = 39D498662AFA3AB900D2D7BC /* uppgift_6Tests.swift */; };
		39D498712AFA3AB900D2D7BC /* uppgift_6UITests.swift in Sources */ = {isa = PBXBuildFile; fileRef = 39D498702AFA3AB900D2D7BC /* uppgift_6UITests.swift */; };
		39D498732AFA3AB900D2D7BC /* uppgift_6UITestsLaunchTests.swift in Sources */ = {isa = PBXBuildFile; fileRef = 39D498722AFA3AB900D2D7BC /* uppgift_6UITestsLaunchTests.swift */; };
/* End PBXBuildFile section */

/* Begin PBXContainerItemProxy section */
		39D498632AFA3AB900D2D7BC /* PBXContainerItemProxy */ = {
			isa = PBXContainerItemProxy;
			containerPortal = 39D4984A2AFA3AB700D2D7BC /* Project object */;
			proxyType = 1;
			remoteGlobalIDString = 39D498512AFA3AB700D2D7BC;
			remoteInfo = "uppgift-6";
		};
		39D4986D2AFA3AB900D2D7BC /* PBXContainerItemProxy */ = {
			isa = PBXContainerItemProxy;
			containerPortal = 39D4984A2AFA3AB700D2D7BC /* Project object */;
			proxyType = 1;
			remoteGlobalIDString = 39D498512AFA3AB700D2D7BC;
			remoteInfo = "uppgift-6";
		};
/* End PBXContainerItemProxy section */

/* Begin PBXFileReference section */
		39D498522AFA3AB700D2D7BC /* uppgift-6.app */ = {isa = PBXFileReference; explicitFileType = wrapper.application; includeInIndex = 0; path = "uppgift-6.app"; sourceTree = BUILT_PRODUCTS_DIR; };
		39D498552AFA3AB700D2D7BC /* uppgift_6App.swift */ = {isa = PBXFileReference; lastKnownFileType = sourcecode.swift; path = uppgift_6App.swift; sourceTree = "<group>"; };
		39D498572AFA3AB700D2D7BC /* ContentView.swift */ = {isa = PBXFileReference; lastKnownFileType = sourcecode.swift; path = ContentView.swift; sourceTree = "<group>"; };
		39D498592AFA3AB900D2D7BC /* Assets.xcassets */ = {isa = PBXFileReference; lastKnownFileType = folder.assetcatalog; path = Assets.xcassets; sourceTree = "<group>"; };
		39D4985C2AFA3AB900D2D7BC /* Preview Assets.xcassets */ = {isa = PBXFileReference; lastKnownFileType = folder.assetcatalog; path = "Preview Assets.xcassets"; sourceTree = "<group>"; };
		39D498622AFA3AB900D2D7BC /* uppgift-6Tests.xctest */ = {isa = PBXFileReference; explicitFileType = wrapper.cfbundle; includeInIndex = 0; path = "uppgift-6Tests.xctest"; sourceTree = BUILT_PRODUCTS_DIR; };
		39D498662AFA3AB900D2D7BC /* uppgift_6Tests.swift */ = {isa = PBXFileReference; lastKnownFileType = sourcecode.swift; path = uppgift_6Tests.swift; sourceTree = "<group>"; };
		39D4986C2AFA3AB900D2D7BC /* uppgift-6UITests.xctest */ = {isa = PBXFileReference; explicitFileType = wrapper.cfbundle; includeInIndex = 0; path = "uppgift-6UITests.xctest"; sourceTree = BUILT_PRODUCTS_DIR; };
		39D498702AFA3AB900D2D7BC /* uppgift_6UITests.swift */ = {isa = PBXFileReference; lastKnownFileType = sourcecode.swift; path = uppgift_6UITests.swift; sourceTree = "<group>"; };
		39D498722AFA3AB900D2D7BC /* uppgift_6UITestsLaunchTests.swift */ = {isa = PBXFileReference; lastKnownFileType = sourcecode.swift; path = uppgift_6UITestsLaunchTests.swift; sourceTree = "<group>"; };
/* End PBXFileReference section */

/* Begin PBXFrameworksBuildPhase section */
		39D4984F2AFA3AB700D2D7BC /* Frameworks */ = {
			isa = PBXFrameworksBuildPhase;
			buildActionMask = 2147483647;
			files = (
			);
			runOnlyForDeploymentPostprocessing = 0;
		};
		39D4985F2AFA3AB900D2D7BC /* Frameworks */ = {
			isa = PBXFrameworksBuildPhase;
			buildActionMask = 2147483647;
			files = (
			);
			runOnlyForDeploymentPostprocessing = 0;
		};
		39D498692AFA3AB900D2D7BC /* Frameworks */ = {
			isa = PBXFrameworksBuildPhase;
			buildActionMask = 2147483647;
			files = (
			);
			runOnlyForDeploymentPostprocessing = 0;
		};
/* End PBXFrameworksBuildPhase section */

/* Begin PBXGroup section */
		39D498492AFA3AB700D2D7BC = {
			isa = PBXGroup;
			children = (
				39D498542AFA3AB700D2D7BC /* uppgift-6 */,
				39D498652AFA3AB900D2D7BC /* uppgift-6Tests */,
				39D4986F2AFA3AB900D2D7BC /* uppgift-6UITests */,
				39D498532AFA3AB700D2D7BC /* Products */,
			);
			sourceTree = "<group>";
		};
		39D498532AFA3AB700D2D7BC /* Products */ = {
			isa = PBXGroup;
			children = (
				39D498522AFA3AB700D2D7BC /* uppgift-6.app */,
				39D498622AFA3AB900D2D7BC /* uppgift-6Tests.xctest */,
				39D4986C2AFA3AB900D2D7BC /* uppgift-6UITests.xctest */,
			);
			name = Products;
			sourceTree = "<group>";
		};
		39D498542AFA3AB700D2D7BC /* uppgift-6 */ = {
			isa = PBXGroup;
			children = (
				39D498552AFA3AB700D2D7BC /* uppgift_6App.swift */,
				39D498572AFA3AB700D2D7BC /* ContentView.swift */,
				39D498592AFA3AB900D2D7BC /* Assets.xcassets */,
				39D4985B2AFA3AB900D2D7BC /* Preview Content */,
			);
			path = "uppgift-6";
			sourceTree = "<group>";
		};
		39D4985B2AFA3AB900D2D7BC /* Preview Content */ = {
			isa = PBXGroup;
			children = (
				39D4985C2AFA3AB900D2D7BC /* Preview Assets.xcassets */,
			);
			path = "Preview Content";
			sourceTree = "<group>";
		};
		39D498652AFA3AB900D2D7BC /* uppgift-6Tests */ = {
			isa = PBXGroup;
			children = (
				39D498662AFA3AB900D2D7BC /* uppgift_6Tests.swift */,
			);
			path = "uppgift-6Tests";
			sourceTree = "<group>";
		};
		39D4986F2AFA3AB900D2D7BC /* uppgift-6UITests */ = {
			isa = PBXGroup;
			children = (
				39D498702AFA3AB900D2D7BC /* uppgift_6UITests.swift */,
				39D498722AFA3AB900D2D7BC /* uppgift_6UITestsLaunchTests.swift */,
			);
			path = "uppgift-6UITests";
			sourceTree = "<group>";
		};
/* End PBXGroup section */

/* Begin PBXNativeTarget section */
		39D498512AFA3AB700D2D7BC /* uppgift-6 */ = {
			isa = PBXNativeTarget;
			buildConfigurationList = 39D498762AFA3AB900D2D7BC /* Build configuration list for PBXNativeTarget "uppgift-6" */;
			buildPhases = (
				39D4984E2AFA3AB700D2D7BC /* Sources */,
				39D4984F2AFA3AB700D2D7BC /* Frameworks */,
				39D498502AFA3AB700D2D7BC /* Resources */,
			);
			buildRules = (
			);
			dependencies = (
			);
			name = "uppgift-6";
			productName = "uppgift-6";
			productReference = 39D498522AFA3AB700D2D7BC /* uppgift-6.app */;
			productType = "com.apple.product-type.application";
		};
		39D498612AFA3AB900D2D7BC /* uppgift-6Tests */ = {
			isa = PBXNativeTarget;
			buildConfigurationList = 39D498792AFA3AB900D2D7BC /* Build configuration list for PBXNativeTarget "uppgift-6Tests" */;
			buildPhases = (
				39D4985E2AFA3AB900D2D7BC /* Sources */,
				39D4985F2AFA3AB900D2D7BC /* Frameworks */,
				39D498602AFA3AB900D2D7BC /* Resources */,
			);
			buildRules = (
			);
			dependencies = (
				39D498642AFA3AB900D2D7BC /* PBXTargetDependency */,
			);
			name = "uppgift-6Tests";
			productName = "uppgift-6Tests";
			productReference = 39D498622AFA3AB900D2D7BC /* uppgift-6Tests.xctest */;
			productType = "com.apple.product-type.bundle.unit-test";
		};
		39D4986B2AFA3AB900D2D7BC /* uppgift-6UITests */ = {
			isa = PBXNativeTarget;
			buildConfigurationList = 39D4987C2AFA3AB900D2D7BC /* Build configuration list for PBXNativeTarget "uppgift-6UITests" */;
			buildPhases = (
				39D498682AFA3AB900D2D7BC /* Sources */,
				39D498692AFA3AB900D2D7BC /* Frameworks */,
				39D4986A2AFA3AB900D2D7BC /* Resources */,
			);
			buildRules = (
			);
			dependencies = (
				39D4986E2AFA3AB900D2D7BC /* PBXTargetDependency */,
			);
			name = "uppgift-6UITests";
			productName = "uppgift-6UITests";
			productReference = 39D4986C2AFA3AB900D2D7BC /* uppgift-6UITests.xctest */;
			productType = "com.apple.product-type.bundle.ui-testing";
		};
/* End PBXNativeTarget section */

/* Begin PBXProject section */
		39D4984A2AFA3AB700D2D7BC /* Project object */ = {
			isa = PBXProject;
			attributes = {
				BuildIndependentTargetsInParallel = 1;
				LastSwiftUpdateCheck = 1420;
				LastUpgradeCheck = 1420;
				TargetAttributes = {
					39D498512AFA3AB700D2D7BC = {
						CreatedOnToolsVersion = 14.2;
					};
					39D498612AFA3AB900D2D7BC = {
						CreatedOnToolsVersion = 14.2;
						TestTargetID = 39D498512AFA3AB700D2D7BC;
					};
					39D4986B2AFA3AB900D2D7BC = {
						CreatedOnToolsVersion = 14.2;
						TestTargetID = 39D498512AFA3AB700D2D7BC;
					};
				};
			};
			buildConfigurationList = 39D4984D2AFA3AB700D2D7BC /* Build configuration list for PBXProject "uppgift-6" */;
			compatibilityVersion = "Xcode 14.0";
			developmentRegion = en;
			hasScannedForEncodings = 0;
			knownRegions = (
				en,
				Base,
			);
			mainGroup = 39D498492AFA3AB700D2D7BC;
			productRefGroup = 39D498532AFA3AB700D2D7BC /* Products */;
			projectDirPath = "";
			projectRoot = "";
			targets = (
				39D498512AFA3AB700D2D7BC /* uppgift-6 */,
				39D498612AFA3AB900D2D7BC /* uppgift-6Tests */,
				39D4986B2AFA3AB900D2D7BC /* uppgift-6UITests */,
			);
		};
/* End PBXProject section */

/* Begin PBXResourcesBuildPhase section */
		39D498502AFA3AB700D2D7BC /* Resources */ = {
			isa = PBXResourcesBuildPhase;
			buildActionMask = 2147483647;
			files = (
				39D4985D2AFA3AB900D2D7BC /* Preview Assets.xcassets in Resources */,
				39D4985A2AFA3AB900D2D7BC /* Assets.xcassets in Resources */,
			);
			runOnlyForDeploymentPostprocessing = 0;
		};
		39D498602AFA3AB900D2D7BC /* Resources */ = {
			isa = PBXResourcesBuildPhase;
			buildActionMask = 2147483647;
			files = (
			);
			runOnlyForDeploymentPostprocessing = 0;
		};
		39D4986A2AFA3AB900D2D7BC /* Resources */ = {
			isa = PBXResourcesBuildPhase;
			buildActionMask = 2147483647;
			files = (
			);
			runOnlyForDeploymentPostprocessing = 0;
		};
/* End PBXResourcesBuildPhase section */

/* Begin PBXSourcesBuildPhase section */
		39D4984E2AFA3AB700D2D7BC /* Sources */ = {
			isa = PBXSourcesBuildPhase;
			buildActionMask = 2147483647;
			files = (
				39D498582AFA3AB700D2D7BC /* ContentView.swift in Sources */,
				39D498562AFA3AB700D2D7BC /* uppgift_6App.swift in Sources */,
			);
			runOnlyForDeploymentPostprocessing = 0;
		};
		39D4985E2AFA3AB900D2D7BC /* Sources */ = {
			isa = PBXSourcesBuildPhase;
			buildActionMask = 2147483647;
			files = (
				39D498672AFA3AB900D2D7BC /* uppgift_6Tests.swift in Sources */,
			);
			runOnlyForDeploymentPostprocessing = 0;
		};
		39D498682AFA3AB900D2D7BC /* Sources */ = {
			isa = PBXSourcesBuildPhase;
			buildActionMask = 2147483647;
			files = (
				39D498712AFA3AB900D2D7BC /* uppgift_6UITests.swift in Sources */,
				39D498732AFA3AB900D2D7BC /* uppgift_6UITestsLaunchTests.swift in Sources */,
			);
			runOnlyForDeploymentPostprocessing = 0;
		};
/* End PBXSourcesBuildPhase section */

/* Begin PBXTargetDependency section */
		39D498642AFA3AB900D2D7BC /* PBXTargetDependency */ = {
			isa = PBXTargetDependency;
			target = 39D498512AFA3AB700D2D7BC /* uppgift-6 */;
			targetProxy = 39D498632AFA3AB900D2D7BC /* PBXContainerItemProxy */;
		};
		39D4986E2AFA3AB900D2D7BC /* PBXTargetDependency */ = {
			isa = PBXTargetDependency;
			target = 39D498512AFA3AB700D2D7BC /* uppgift-6 */;
			targetProxy = 39D4986D2AFA3AB900D2D7BC /* PBXContainerItemProxy */;
		};
/* End PBXTargetDependency section */

/* Begin XCBuildConfiguration section */
		39D498742AFA3AB900D2D7BC /* Debug */ = {
			isa = XCBuildConfiguration;
			buildSettings = {
				ALWAYS_SEARCH_USER_PATHS = NO;
				CLANG_ANALYZER_NONNULL = YES;
				CLANG_ANALYZER_NUMBER_OBJECT_CONVERSION = YES_AGGRESSIVE;
				CLANG_CXX_LANGUAGE_STANDARD = "gnu++20";
				CLANG_ENABLE_MODULES = YES;
				CLANG_ENABLE_OBJC_ARC = YES;
				CLANG_ENABLE_OBJC_WEAK = YES;
				CLANG_WARN_BLOCK_CAPTURE_AUTORELEASING = YES;
				CLANG_WARN_BOOL_CONVERSION = YES;
				CLANG_WARN_COMMA = YES;
				CLANG_WARN_CONSTANT_CONVERSION = YES;
				CLANG_WARN_DEPRECATED_OBJC_IMPLEMENTATIONS = YES;
				CLANG_WARN_DIRECT_OBJC_ISA_USAGE = YES_ERROR;
				CLANG_WARN_DOCUMENTATION_COMMENTS = YES;
				CLANG_WARN_EMPTY_BODY = YES;
				CLANG_WARN_ENUM_CONVERSION = YES;
				CLANG_WARN_INFINITE_RECURSION = YES;
				CLANG_WARN_INT_CONVERSION = YES;
				CLANG_WARN_NON_LITERAL_NULL_CONVERSION = YES;
				CLANG_WARN_OBJC_IMPLICIT_RETAIN_SELF = YES;
				CLANG_WARN_OBJC_LITERAL_CONVERSION = YES;
				CLANG_WARN_OBJC_ROOT_CLASS = YES_ERROR;
				CLANG_WARN_QUOTED_INCLUDE_IN_FRAMEWORK_HEADER = YES;
				CLANG_WARN_RANGE_LOOP_ANALYSIS = YES;
				CLANG_WARN_STRICT_PROTOTYPES = YES;
				CLANG_WARN_SUSPICIOUS_MOVE = YES;
				CLANG_WARN_UNGUARDED_AVAILABILITY = YES_AGGRESSIVE;
				CLANG_WARN_UNREACHABLE_CODE = YES;
				CLANG_WARN__DUPLICATE_METHOD_MATCH = YES;
				COPY_PHASE_STRIP = NO;
				DEBUG_INFORMATION_FORMAT = dwarf;
				ENABLE_STRICT_OBJC_MSGSEND = YES;
				ENABLE_TESTABILITY = YES;
				GCC_C_LANGUAGE_STANDARD = gnu11;
				GCC_DYNAMIC_NO_PIC = NO;
				GCC_NO_COMMON_BLOCKS = YES;
				GCC_OPTIMIZATION_LEVEL = 0;
				GCC_PREPROCESSOR_DEFINITIONS = (
					"DEBUG=1",
					"$(inherited)",
				);
				GCC_WARN_64_TO_32_BIT_CONVERSION = YES;
				GCC_WARN_ABOUT_RETURN_TYPE = YES_ERROR;
				GCC_WARN_UNDECLARED_SELECTOR = YES;
				GCC_WARN_UNINITIALIZED_AUTOS = YES_AGGRESSIVE;
				GCC_WARN_UNUSED_FUNCTION = YES;
				GCC_WARN_UNUSED_VARIABLE = YES;
				IPHONEOS_DEPLOYMENT_TARGET = 16.2;
				MTL_ENABLE_DEBUG_INFO = INCLUDE_SOURCE;
				MTL_FAST_MATH = YES;
				ONLY_ACTIVE_ARCH = YES;
				SDKROOT = iphoneos;
				SWIFT_ACTIVE_COMPILATION_CONDITIONS = DEBUG;
				SWIFT_OPTIMIZATION_LEVEL = "-Onone";
			};
			name = Debug;
		};
		39D498752AFA3AB900D2D7BC /* Release */ = {
			isa = XCBuildConfiguration;
			buildSettings = {
				ALWAYS_SEARCH_USER_PATHS = NO;
				CLANG_ANALYZER_NONNULL = YES;
				CLANG_ANALYZER_NUMBER_OBJECT_CONVERSION = YES_AGGRESSIVE;
				CLANG_CXX_LANGUAGE_STANDARD = "gnu++20";
				CLANG_ENABLE_MODULES = YES;
				CLANG_ENABLE_OBJC_ARC = YES;
				CLANG_ENABLE_OBJC_WEAK = YES;
				CLANG_WARN_BLOCK_CAPTURE_AUTORELEASING = YES;
				CLANG_WARN_BOOL_CONVERSION = YES;
				CLANG_WARN_COMMA = YES;
				CLANG_WARN_CONSTANT_CONVERSION = YES;
				CLANG_WARN_DEPRECATED_OBJC_IMPLEMENTATIONS = YES;
				CLANG_WARN_DIRECT_OBJC_ISA_USAGE = YES_ERROR;
				CLANG_WARN_DOCUMENTATION_COMMENTS = YES;
				CLANG_WARN_EMPTY_BODY = YES;
				CLANG_WARN_ENUM_CONVERSION = YES;
				CLANG_WARN_INFINITE_RECURSION = YES;
				CLANG_WARN_INT_CONVERSION = YES;
				CLANG_WARN_NON_LITERAL_NULL_CONVERSION = YES;
				CLANG_WARN_OBJC_IMPLICIT_RETAIN_SELF = YES;
				CLANG_WARN_OBJC_LITERAL_CONVERSION = YES;
				CLANG_WARN_OBJC_ROOT_CLASS = YES_ERROR;
				CLANG_WARN_QUOTED_INCLUDE_IN_FRAMEWORK_HEADER = YES;
				CLANG_WARN_RANGE_LOOP_ANALYSIS = YES;
				CLANG_WARN_STRICT_PROTOTYPES = YES;
				CLANG_WARN_SUSPICIOUS_MOVE = YES;
				CLANG_WARN_UNGUARDED_AVAILABILITY = YES_AGGRESSIVE;
				CLANG_WARN_UNREACHABLE_CODE = YES;
				CLANG_WARN__DUPLICATE_METHOD_MATCH = YES;
				COPY_PHASE_STRIP = NO;
				DEBUG_INFORMATION_FORMAT = "dwarf-with-dsym";
				ENABLE_NS_ASSERTIONS = NO;
				ENABLE_STRICT_OBJC_MSGSEND = YES;
				GCC_C_LANGUAGE_STANDARD = gnu11;
				GCC_NO_COMMON_BLOCKS = YES;
				GCC_WARN_64_TO_32_BIT_CONVERSION = YES;
				GCC_WARN_ABOUT_RETURN_TYPE = YES_ERROR;
				GCC_WARN_UNDECLARED_SELECTOR = YES;
				GCC_WARN_UNINITIALIZED_AUTOS = YES_AGGRESSIVE;
				GCC_WARN_UNUSED_FUNCTION = YES;
				GCC_WARN_UNUSED_VARIABLE = YES;
				IPHONEOS_DEPLOYMENT_TARGET = 16.2;
				MTL_ENABLE_DEBUG_INFO = NO;
				MTL_FAST_MATH = YES;
				SDKROOT = iphoneos;
				SWIFT_COMPILATION_MODE = wholemodule;
				SWIFT_OPTIMIZATION_LEVEL = "-O";
				VALIDATE_PRODUCT = YES;
			};
			name = Release;
		};
		39D498772AFA3AB900D2D7BC /* Debug */ = {
			isa = XCBuildConfiguration;
			buildSettings = {
				ASSETCATALOG_COMPILER_APPICON_NAME = AppIcon;
				ASSETCATALOG_COMPILER_GLOBAL_ACCENT_COLOR_NAME = AccentColor;
				CODE_SIGN_STYLE = Automatic;
				CURRENT_PROJECT_VERSION = 1;
				DEVELOPMENT_ASSET_PATHS = "\"uppgift-6/Preview Content\"";
				ENABLE_PREVIEWS = YES;
				GENERATE_INFOPLIST_FILE = YES;
				INFOPLIST_KEY_UIApplicationSceneManifest_Generation = YES;
				INFOPLIST_KEY_UIApplicationSupportsIndirectInputEvents = YES;
				INFOPLIST_KEY_UILaunchScreen_Generation = YES;
				INFOPLIST_KEY_UISupportedInterfaceOrientations_iPad = "UIInterfaceOrientationPortrait UIInterfaceOrientationPortraitUpsideDown UIInterfaceOrientationLandscapeLeft UIInterfaceOrientationLandscapeRight";
				INFOPLIST_KEY_UISupportedInterfaceOrientations_iPhone = "UIInterfaceOrientationPortrait UIInterfaceOrientationLandscapeLeft UIInterfaceOrientationLandscapeRight";
				LD_RUNPATH_SEARCH_PATHS = (
					"$(inherited)",
					"@executable_path/Frameworks",
				);
				MARKETING_VERSION = 1.0;
				PRODUCT_BUNDLE_IDENTIFIER = "com.hr.uppgift-6";
				PRODUCT_NAME = "$(TARGET_NAME)";
				SWIFT_EMIT_LOC_STRINGS = YES;
				SWIFT_VERSION = 5.0;
				TARGETED_DEVICE_FAMILY = "1,2";
			};
			name = Debug;
		};
		39D498782AFA3AB900D2D7BC /* Release */ = {
			isa = XCBuildConfiguration;
			buildSettings = {
				ASSETCATALOG_COMPILER_APPICON_NAME = AppIcon;
				ASSETCATALOG_COMPILER_GLOBAL_ACCENT_COLOR_NAME = AccentColor;
				CODE_SIGN_STYLE = Automatic;
				CURRENT_PROJECT_VERSION = 1;
				DEVELOPMENT_ASSET_PATHS = "\"uppgift-6/Preview Content\"";
				ENABLE_PREVIEWS = YES;
				GENERATE_INFOPLIST_FILE = YES;
				INFOPLIST_KEY_UIApplicationSceneManifest_Generation = YES;
				INFOPLIST_KEY_UIApplicationSupportsIndirectInputEvents = YES;
				INFOPLIST_KEY_UILaunchScreen_Generation = YES;
				INFOPLIST_KEY_UISupportedInterfaceOrientations_iPad = "UIInterfaceOrientationPortrait UIInterfaceOrientationPortraitUpsideDown UIInterfaceOrientationLandscapeLeft UIInterfaceOrientationLandscapeRight";
				INFOPLIST_KEY_UISupportedInterfaceOrientations_iPhone = "UIInterfaceOrientationPortrait UIInterfaceOrientationLandscapeLeft UIInterfaceOrientationLandscapeRight";
				LD_RUNPATH_SEARCH_PATHS = (
					"$(inherited)",
					"@executable_path/Frameworks",
				);
				MARKETING_VERSION = 1.0;
				PRODUCT_BUNDLE_IDENTIFIER = "com.hr.uppgift-6";
				PRODUCT_NAME = "$(TARGET_NAME)";
				SWIFT_EMIT_LOC_STRINGS = YES;
				SWIFT_VERSION = 5.0;
				TARGETED_DEVICE_FAMILY = "1,2";
			};
			name = Release;
		};
		39D4987A2AFA3AB900D2D7BC /* Debug */ = {
			isa = XCBuildConfiguration;
			buildSettings = {
				ALWAYS_EMBED_SWIFT_STANDARD_LIBRARIES = YES;
				BUNDLE_LOADER = "$(TEST_HOST)";
				CODE_SIGN_STYLE = Automatic;
				CURRENT_PROJECT_VERSION = 1;
				GENERATE_INFOPLIST_FILE = YES;
				IPHONEOS_DEPLOYMENT_TARGET = 16.2;
				MARKETING_VERSION = 1.0;
				PRODUCT_BUNDLE_IDENTIFIER = "com.hr.uppgift-6Tests";
				PRODUCT_NAME = "$(TARGET_NAME)";
				SWIFT_EMIT_LOC_STRINGS = NO;
				SWIFT_VERSION = 5.0;
				TARGETED_DEVICE_FAMILY = "1,2";
				TEST_HOST = "$(BUILT_PRODUCTS_DIR)/uppgift-6.app/$(BUNDLE_EXECUTABLE_FOLDER_PATH)/uppgift-6";
			};
			name = Debug;
		};
		39D4987B2AFA3AB900D2D7BC /* Release */ = {
			isa = XCBuildConfiguration;
			buildSettings = {
				ALWAYS_EMBED_SWIFT_STANDARD_LIBRARIES = YES;
				BUNDLE_LOADER = "$(TEST_HOST)";
				CODE_SIGN_STYLE = Automatic;
				CURRENT_PROJECT_VERSION = 1;
				GENERATE_INFOPLIST_FILE = YES;
				IPHONEOS_DEPLOYMENT_TARGET = 16.2;
				MARKETING_VERSION = 1.0;
				PRODUCT_BUNDLE_IDENTIFIER = "com.hr.uppgift-6Tests";
				PRODUCT_NAME = "$(TARGET_NAME)";
				SWIFT_EMIT_LOC_STRINGS = NO;
				SWIFT_VERSION = 5.0;
				TARGETED_DEVICE_FAMILY = "1,2";
				TEST_HOST = "$(BUILT_PRODUCTS_DIR)/uppgift-6.app/$(BUNDLE_EXECUTABLE_FOLDER_PATH)/uppgift-6";
			};
			name = Release;
		};
		39D4987D2AFA3AB900D2D7BC /* Debug */ = {
			isa = XCBuildConfiguration;
			buildSettings = {
				ALWAYS_EMBED_SWIFT_STANDARD_LIBRARIES = YES;
				CODE_SIGN_STYLE = Automatic;
				CURRENT_PROJECT_VERSION = 1;
				GENERATE_INFOPLIST_FILE = YES;
				MARKETING_VERSION = 1.0;
				PRODUCT_BUNDLE_IDENTIFIER = "com.hr.uppgift-6UITests";
				PRODUCT_NAME = "$(TARGET_NAME)";
				SWIFT_EMIT_LOC_STRINGS = NO;
				SWIFT_VERSION = 5.0;
				TARGETED_DEVICE_FAMILY = "1,2";
				TEST_TARGET_NAME = "uppgift-6";
			};
			name = Debug;
		};
		39D4987E2AFA3AB900D2D7BC /* Release */ = {
			isa = XCBuildConfiguration;
			buildSettings = {
				ALWAYS_EMBED_SWIFT_STANDARD_LIBRARIES = YES;
				CODE_SIGN_STYLE = Automatic;
				CURRENT_PROJECT_VERSION = 1;
				GENERATE_INFOPLIST_FILE = YES;
				MARKETING_VERSION = 1.0;
				PRODUCT_BUNDLE_IDENTIFIER = "com.hr.uppgift-6UITests";
				PRODUCT_NAME = "$(TARGET_NAME)";
				SWIFT_EMIT_LOC_STRINGS = NO;
				SWIFT_VERSION = 5.0;
				TARGETED_DEVICE_FAMILY = "1,2";
				TEST_TARGET_NAME = "uppgift-6";
			};
			name = Release;
		};
/* End XCBuildConfiguration section */

/* Begin XCConfigurationList section */
		39D4984D2AFA3AB700D2D7BC /* Build configuration list for PBXProject "uppgift-6" */ = {
			isa = XCConfigurationList;
			buildConfigurations = (
				39D498742AFA3AB900D2D7BC /* Debug */,
				39D498752AFA3AB900D2D7BC /* Release */,
			);
			defaultConfigurationIsVisible = 0;
			defaultConfigurationName = Release;
		};
		39D498762AFA3AB900D2D7BC /* Build configuration list for PBXNativeTarget "uppgift-6" */ = {
			isa = XCConfigurationList;
			buildConfigurations = (
				39D498772AFA3AB900D2D7BC /* Debug */,
				39D498782AFA3AB900D2D7BC /* Release */,
			);
			defaultConfigurationIsVisible = 0;
			defaultConfigurationName = Release;
		};
		39D498792AFA3AB900D2D7BC /* Build configuration list for PBXNativeTarget "uppgift-6Tests" */ = {
			isa = XCConfigurationList;
			buildConfigurations = (
				39D4987A2AFA3AB900D2D7BC /* Debug */,
				39D4987B2AFA3AB900D2D7BC /* Release */,
			);
			defaultConfigurationIsVisible = 0;
			defaultConfigurationName = Release;
		};
		39D4987C2AFA3AB900D2D7BC /* Build configuration list for PBXNativeTarget "uppgift-6UITests" */ = {
			isa = XCConfigurationList;
			buildConfigurations = (
				39D4987D2AFA3AB900D2D7BC /* Debug */,
				39D4987E2AFA3AB900D2D7BC /* Release */,
			);
			defaultConfigurationIsVisible = 0;
			defaultConfigurationName = Release;
		};
/* End XCConfigurationList section */
	};
	rootObject = 39D4984A2AFA3AB700D2D7BC /* Project object */;
}
